
Microsoft Visual Studio Solution File, Format Version 12.00
# Visual Studio Version 17
VisualStudioVersion = 17.11.35312.102
MinimumVisualStudioVersion = 10.0.40219.1
Project("{FAE04EC0-301F-11D3-BF4B-00C04F79EFBC}") = "DzFindFiles-2", "DzFindFiles-2\DzFindFiles-2.csproj", "{DD36231D-6E85-4694-9B48-879D1550742C}"
EndProject
Global
	GlobalSection(SolutionConfigurationPlatforms) = preSolution
		Debug|Any CPU = Debug|Any CPU
		Release|Any CPU = Release|Any CPU
	EndGlobalSection
	GlobalSection(ProjectConfigurationPlatforms) = postSolution
		{DD36231D-6E85-4694-9B48-879D1550742C}.Debug|Any CPU.ActiveCfg = Debug|Any CPU
		{DD36231D-6E85-4694-9B48-879D1550742C}.Debug|Any CPU.Build.0 = Debug|Any CPU
		{DD36231D-6E85-4694-9B48-879D1550742C}.Release|Any CPU.ActiveCfg = Release|Any CPU
		{DD36231D-6E85-4694-9B48-879D1550742C}.Release|Any CPU.Build.0 = Release|Any CPU
	EndGlobalSection
	GlobalSection(SolutionProperties) = preSolution
		HideSolutionNode = FALSE
	EndGlobalSection
	GlobalSection(ExtensibilityGlobals) = postSolution
		SolutionGuid = {BAFAB0BE-2A71-414A-983E-F7C02B057054}
	EndGlobalSection
EndGlobal
